
Microsoft Visual Studio Solution File, Format Version 12.00
# Visual Studio Version 16
VisualStudioVersion = 16.0.31205.134
MinimumVisualStudioVersion = 10.0.40219.1
Project("{FAE04EC0-301F-11D3-BF4B-00C04F79EFBC}") = "DataAccess", "DataAccess\DataAccess.csproj", "{C7FE0A99-8142-4969-865A-E515A2898966}"
EndProject
Project("{FAE04EC0-301F-11D3-BF4B-00C04F79EFBC}") = "Business", "Business\Business.csproj", "{6F863228-142C-411C-899F-44277F518E49}"
EndProject
Project("{FAE04EC0-301F-11D3-BF4B-00C04F79EFBC}") = "Entities", "Entities\Entities.csproj", "{9F2BDA12-3888-4C2C-B103-B9BD83133C4C}"
EndProject
Project("{FAE04EC0-301F-11D3-BF4B-00C04F79EFBC}") = "ConsoleUI", "ConsoleUI\ConsoleUI.csproj", "{EDD8D990-F38D-407D-A175-2577BFB9FEE2}"
EndProject
Global
	GlobalSection(SolutionConfigurationPlatforms) = preSolution
		Debug|Any CPU = Debug|Any CPU
		Release|Any CPU = Release|Any CPU
	EndGlobalSection
	GlobalSection(ProjectConfigurationPlatforms) = postSolution
		{C7FE0A99-8142-4969-865A-E515A2898966}.Debug|Any CPU.ActiveCfg = Debug|Any CPU
		{C7FE0A99-8142-4969-865A-E515A2898966}.Debug|Any CPU.Build.0 = Debug|Any CPU
		{C7FE0A99-8142-4969-865A-E515A2898966}.Release|Any CPU.ActiveCfg = Release|Any CPU
		{C7FE0A99-8142-4969-865A-E515A2898966}.Release|Any CPU.Build.0 = Release|Any CPU
		{6F863228-142C-411C-899F-44277F518E49}.Debug|Any CPU.ActiveCfg = Debug|Any CPU
		{6F863228-142C-411C-899F-44277F518E49}.Debug|Any CPU.Build.0 = Debug|Any CPU
		{6F863228-142C-411C-899F-44277F518E49}.Release|Any CPU.ActiveCfg = Release|Any CPU
		{6F863228-142C-411C-899F-44277F518E49}.Release|Any CPU.Build.0 = Release|Any CPU
		{9F2BDA12-3888-4C2C-B103-B9BD83133C4C}.Debug|Any CPU.ActiveCfg = Debug|Any CPU
		{9F2BDA12-3888-4C2C-B103-B9BD83133C4C}.Debug|Any CPU.Build.0 = Debug|Any CPU
		{9F2BDA12-3888-4C2C-B103-B9BD83133C4C}.Release|Any CPU.ActiveCfg = Release|Any CPU
		{9F2BDA12-3888-4C2C-B103-B9BD83133C4C}.Release|Any CPU.Build.0 = Release|Any CPU
		{EDD8D990-F38D-407D-A175-2577BFB9FEE2}.Debug|Any CPU.ActiveCfg = Debug|Any CPU
		{EDD8D990-F38D-407D-A175-2577BFB9FEE2}.Debug|Any CPU.Build.0 = Debug|Any CPU
		{EDD8D990-F38D-407D-A175-2577BFB9FEE2}.Release|Any CPU.ActiveCfg = Release|Any CPU
		{EDD8D990-F38D-407D-A175-2577BFB9FEE2}.Release|Any CPU.Build.0 = Release|Any CPU
	EndGlobalSection
	GlobalSection(SolutionProperties) = preSolution
		HideSolutionNode = FALSE
	EndGlobalSection
	GlobalSection(ExtensibilityGlobals) = postSolution
		SolutionGuid = {B33C3970-2054-4161-AFC9-02F8D52EAEA9}
	EndGlobalSection
EndGlobal
